
Microsoft Visual Studio Solution File, Format Version 12.00
# Visual Studio Version 16
VisualStudioVersion = 25.0.1706.2
MinimumVisualStudioVersion = 10.0.40219.1
Project("{FAE04EC0-301F-11D3-BF4B-00C04F79EFBC}") = "cursoCSharp_Empresa", "cursoCSharp_Empresa\cursoCSharp_Empresa.csproj", "{DB04D8B1-813A-4D4A-BD51-2DA5FC930F22}"
EndProject
Global
	GlobalSection(SolutionConfigurationPlatforms) = preSolution
		Debug|Any CPU = Debug|Any CPU
		Release|Any CPU = Release|Any CPU
	EndGlobalSection
	GlobalSection(ProjectConfigurationPlatforms) = postSolution
		{DB04D8B1-813A-4D4A-BD51-2DA5FC930F22}.Debug|Any CPU.ActiveCfg = Debug|Any CPU
		{DB04D8B1-813A-4D4A-BD51-2DA5FC930F22}.Debug|Any CPU.Build.0 = Debug|Any CPU
		{DB04D8B1-813A-4D4A-BD51-2DA5FC930F22}.Release|Any CPU.ActiveCfg = Release|Any CPU
		{DB04D8B1-813A-4D4A-BD51-2DA5FC930F22}.Release|Any CPU.Build.0 = Release|Any CPU
	EndGlobalSection
	GlobalSection(SolutionProperties) = preSolution
		HideSolutionNode = FALSE
	EndGlobalSection
	GlobalSection(ExtensibilityGlobals) = postSolution
		SolutionGuid = {C0DFB89B-358B-4D9D-B8FE-93A5F22753E7}
	EndGlobalSection
EndGlobal
